<?xml version="1.0" encoding="utf-8"?>
<Project ToolsVersion="4.0" xmlns="http://schemas.microsoft.com/developer/msbuild/2003">
  <ItemGroup>
    <Filter Include="소스 파일">
      <UniqueIdentifier>{4FC737F1-C7A5-4376-A066-2A32D752A2FF}</UniqueIdentifier>
      <Extensions>cpp;c;cc;cxx;c++;cppm;ixx;def;odl;idl;hpj;bat;asm;asmx</Extensions>
    </Filter>
    <Filter Include="헤더 파일">
      <UniqueIdentifier>{93995380-89BD-4b04-88EB-625FBE52EBFB}</UniqueIdentifier>
      <Extensions>h;hh;hpp;hxx;h++;hm;inl;inc;ipp;xsd</Extensions>
    </Filter>
    <Filter Include="리소스 파일">
      <UniqueIdentifier>{67DA6AB6-F800-4c08-8B7A-83BB121AAD01}</UniqueIdentifier>
      <Extensions>rc;ico;cur;bmp;dlg;rc2;rct;bin;rgs;gif;jpg;jpeg;jpe;resx;tiff;tif;png;wav;mfcribbon-ms</Extensions>
    </Filter>
    <Filter Include="MainGame">
      <UniqueIdentifier>{cb6807f4-0fdf-47de-b7e8-4546acbe35ae}</UniqueIdentifier>
    </Filter>
    <Filter Include="2D Framework">
      <UniqueIdentifier>{18f2c5ba-c6f2-4ac2-a4b6-7d870f746713}</UniqueIdentifier>
    </Filter>
    <Filter Include="2D Framework\Timer">
      <UniqueIdentifier>{30f93bd0-8426-46a5-8a65-4d84027ae64f}</UniqueIdentifier>
    </Filter>
    <Filter Include="MainGame\Scene">
      <UniqueIdentifier>{2aa412d2-4978-4c25-a9b6-6350d3230228}</UniqueIdentifier>
    </Filter>
    <Filter Include="2D Framework\UI">
      <UniqueIdentifier>{72cc197e-0045-44af-bec1-dec30e3e6fb9}</UniqueIdentifier>
    </Filter>
    <Filter Include="2D Framework\UI\Button">
      <UniqueIdentifier>{57de70b7-daba-4081-817d-3bfdbbe06bf9}</UniqueIdentifier>
    </Filter>
    <Filter Include="MainGame\Contents">
      <UniqueIdentifier>{85e4c379-65fb-4119-adab-ebfa4f27591b}</UniqueIdentifier>
    </Filter>
    <Filter Include="2D Framework\UI\Composits">
      <UniqueIdentifier>{ebd745f8-6acf-45eb-aa53-f0f79c340076}</UniqueIdentifier>
    </Filter>
    <Filter Include="2D Framework\UI\Parts">
      <UniqueIdentifier>{c6e2a6f9-7ca4-4d7c-8814-224cbe9eb3d1}</UniqueIdentifier>
    </Filter>
    <Filter Include="2D Framework\Item">
      <UniqueIdentifier>{c1441ce1-da0e-47b6-bcc0-4b07a17e40a4}</UniqueIdentifier>
    </Filter>
    <Filter Include="2D Framework\UI\Sets">
      <UniqueIdentifier>{d897708c-4bf5-4873-b67e-21e156bfe6c8}</UniqueIdentifier>
    </Filter>
  </ItemGroup>
  <ItemGroup>
    <ClCompile Include="main.cpp">
      <Filter>소스 파일</Filter>
    </ClCompile>
    <ClCompile Include="GameObject.cpp">
      <Filter>2D Framework</Filter>
    </ClCompile>
    <ClCompile Include="MainGame.cpp">
      <Filter>MainGame</Filter>
    </ClCompile>
    <ClCompile Include="Image.cpp">
      <Filter>2D Framework</Filter>
    </ClCompile>
    <ClCompile Include="KeyManager.cpp">
      <Filter>2D Framework</Filter>
    </ClCompile>
    <ClCompile Include="ImageManager.cpp">
      <Filter>2D Framework</Filter>
    </ClCompile>
    <ClCompile Include="Timer.cpp">
      <Filter>2D Framework\Timer</Filter>
    </ClCompile>
    <ClCompile Include="TimerManager.cpp">
      <Filter>2D Framework\Timer</Filter>
    </ClCompile>
    <ClCompile Include="BattleScene.cpp">
      <Filter>MainGame\Scene</Filter>
    </ClCompile>
    <ClCompile Include="TilemapTool.cpp">
      <Filter>MainGame\Scene</Filter>
    </ClCompile>
    <ClCompile Include="SceneManager.cpp">
      <Filter>2D Framework</Filter>
    </ClCompile>
    <ClCompile Include="Button.cpp">
      <Filter>2D Framework\UI\Button</Filter>
    </ClCompile>
    <ClCompile Include="AstarScene.cpp">
      <Filter>MainGame\Scene</Filter>
    </ClCompile>
    <ClCompile Include="LoadingScene.cpp">
      <Filter>MainGame\Scene</Filter>
    </ClCompile>
    <ClCompile Include="UI_Test.cpp">
      <Filter>MainGame\Scene</Filter>
    </ClCompile>
    <ClCompile Include="UIComposit.cpp">
      <Filter>2D Framework\UI\Composits</Filter>
    </ClCompile>
    <ClCompile Include="UISlider.cpp">
      <Filter>2D Framework\UI\Parts</Filter>
    </ClCompile>
    <ClCompile Include="UIStatus.cpp">
      <Filter>2D Framework\UI\Composits</Filter>
    </ClCompile>
    <ClCompile Include="UIText.cpp">
      <Filter>2D Framework\UI\Parts</Filter>
    </ClCompile>
    <ClCompile Include="UIIcon.cpp">
      <Filter>2D Framework\UI\Parts</Filter>
    </ClCompile>
    <ClCompile Include="UIQuickSlot.cpp">
      <Filter>2D Framework\UI\Composits</Filter>
    </ClCompile>
    <ClCompile Include="UIItemBox.cpp">
      <Filter>2D Framework\UI\Sets</Filter>
    </ClCompile>
    <ClCompile Include="UIButton.cpp">
      <Filter>2D Framework\UI\Parts</Filter>
    </ClCompile>
    <ClCompile Include="UITextBox.cpp">
      <Filter>2D Framework\UI\Sets</Filter>
    </ClCompile>
    <ClCompile Include="UIMenueBtns.cpp">
      <Filter>2D Framework\UI\Composits</Filter>
    </ClCompile>
    <ClCompile Include="UITextSlider.cpp">
      <Filter>2D Framework\UI\Sets</Filter>
    </ClCompile>
    <ClCompile Include="IButton.cpp">
      <Filter>2D Framework\UI</Filter>
    </ClCompile>
    <ClCompile Include="UIView.cpp">
      <Filter>2D Framework\UI</Filter>
    </ClCompile>
    <ClCompile Include="UIObject.cpp">
      <Filter>2D Framework\UI</Filter>
    </ClCompile>
    <ClCompile Include="UIDefeat.cpp">
      <Filter>2D Framework\UI\Composits</Filter>
    </ClCompile>
    <ClCompile Include="UIImage.cpp">
      <Filter>2D Framework\UI\Parts</Filter>
    </ClCompile>
    <ClCompile Include="UIMopHPBar.cpp">
      <Filter>2D Framework\UI\Composits</Filter>
    </ClCompile>
  </ItemGroup>
  <ItemGroup>
    <ClInclude Include="config.h">
      <Filter>헤더 파일</Filter>
    </ClInclude>
    <ClInclude Include="CommonFunction.h">
      <Filter>헤더 파일</Filter>
    </ClInclude>
    <ClInclude Include="GameObject.h">
      <Filter>2D Framework</Filter>
    </ClInclude>
    <ClInclude Include="MainGame.h">
      <Filter>MainGame</Filter>
    </ClInclude>
    <ClInclude Include="Image.h">
      <Filter>2D Framework</Filter>
    </ClInclude>
    <ClInclude Include="KeyManager.h">
      <Filter>2D Framework</Filter>
    </ClInclude>
    <ClInclude Include="Singleton.h">
      <Filter>2D Framework</Filter>
    </ClInclude>
    <ClInclude Include="ImageManager.h">
      <Filter>2D Framework</Filter>
    </ClInclude>
    <ClInclude Include="Timer.h">
      <Filter>2D Framework\Timer</Filter>
    </ClInclude>
    <ClInclude Include="TimerManager.h">
      <Filter>2D Framework\Timer</Filter>
    </ClInclude>
    <ClInclude Include="BattleScene.h">
      <Filter>MainGame\Scene</Filter>
    </ClInclude>
    <ClInclude Include="TilemapTool.h">
      <Filter>MainGame\Scene</Filter>
    </ClInclude>
    <ClInclude Include="SceneManager.h">
      <Filter>2D Framework</Filter>
    </ClInclude>
    <ClInclude Include="Button.h">
      <Filter>2D Framework\UI\Button</Filter>
    </ClInclude>
    <ClInclude Include="AstarScene.h">
      <Filter>MainGame\Scene</Filter>
    </ClInclude>
    <ClInclude Include="LoadingScene.h">
      <Filter>MainGame\Scene</Filter>
    </ClInclude>
    <ClInclude Include="UI_Test.h">
      <Filter>MainGame\Scene</Filter>
    </ClInclude>
    <ClInclude Include="UIComposit.h">
      <Filter>2D Framework\UI\Composits</Filter>
    </ClInclude>
    <ClInclude Include="UISlider.h">
      <Filter>2D Framework\UI\Parts</Filter>
    </ClInclude>
    <ClInclude Include="UIStatus.h">
      <Filter>2D Framework\UI\Composits</Filter>
    </ClInclude>
    <ClInclude Include="UIText.h">
      <Filter>2D Framework\UI\Parts</Filter>
    </ClInclude>
    <ClInclude Include="UIIcon.h">
      <Filter>2D Framework\UI\Parts</Filter>
    </ClInclude>
    <ClInclude Include="UIQuickSlot.h">
      <Filter>2D Framework\UI\Composits</Filter>
    </ClInclude>
    <ClInclude Include="UIItemBox.h">
      <Filter>2D Framework\UI\Sets</Filter>
    </ClInclude>
    <ClInclude Include="UIButton.h">
      <Filter>2D Framework\UI\Parts</Filter>
    </ClInclude>
    <ClInclude Include="UITextBox.h">
      <Filter>2D Framework\UI\Sets</Filter>
    </ClInclude>
    <ClInclude Include="UIMenueBtns.h">
      <Filter>2D Framework\UI\Composits</Filter>
    </ClInclude>
    <ClInclude Include="UITextSlider.h">
      <Filter>2D Framework\UI\Sets</Filter>
    </ClInclude>
    <ClInclude Include="UIObject.h">
      <Filter>2D Framework\UI</Filter>
    </ClInclude>
    <ClInclude Include="IButton.h">
      <Filter>2D Framework\UI</Filter>
    </ClInclude>
    <ClInclude Include="UIView.h">
      <Filter>2D Framework\UI</Filter>
    </ClInclude>
    <ClInclude Include="FieldItem.h">
      <Filter>2D Framework\Item</Filter>
    </ClInclude>
    <ClInclude Include="UIDefeat.h">
      <Filter>2D Framework\UI\Composits</Filter>
    </ClInclude>
    <ClInclude Include="UIImage.h">
      <Filter>2D Framework\UI\Parts</Filter>
    </ClInclude>
    <ClInclude Include="UIMopHPBar.h">
      <Filter>2D Framework\UI\Composits</Filter>
    </ClInclude>
  </ItemGroup>
</Project>